
Microsoft Visual Studio Solution File, Format Version 12.00
# Visual Studio Version 17
VisualStudioVersion = 17.4.33213.308
MinimumVisualStudioVersion = 10.0.40219.1
Project("{FAE04EC0-301F-11D3-BF4B-00C04F79EFBC}") = "ECommerce", "ECommerce\ECommerce.csproj", "{2D430C4F-022F-4654-8EED-4CDA656E1349}"
EndProject
Global
	GlobalSection(SolutionConfigurationPlatforms) = preSolution
		Debug|Any CPU = Debug|Any CPU
		Release|Any CPU = Release|Any CPU
	EndGlobalSection
	GlobalSection(ProjectConfigurationPlatforms) = postSolution
		{2D430C4F-022F-4654-8EED-4CDA656E1349}.Debug|Any CPU.ActiveCfg = Debug|Any CPU
		{2D430C4F-022F-4654-8EED-4CDA656E1349}.Debug|Any CPU.Build.0 = Debug|Any CPU
		{2D430C4F-022F-4654-8EED-4CDA656E1349}.Release|Any CPU.ActiveCfg = Release|Any CPU
		{2D430C4F-022F-4654-8EED-4CDA656E1349}.Release|Any CPU.Build.0 = Release|Any CPU
	EndGlobalSection
	GlobalSection(SolutionProperties) = preSolution
		HideSolutionNode = FALSE
	EndGlobalSection
	GlobalSection(ExtensibilityGlobals) = postSolution
		SolutionGuid = {8BA8B51C-5019-41ED-8B32-40A2FB35FF76}
	EndGlobalSection
EndGlobal
